// !$*UTF8*$!
{
	archiveVersion = 1;
	classes = {
	};
	objectVersion = 55;
	objects = {

/* Begin PBXBuildFile section */
		C7BD899C27CFB9BD0014341E /* PinchApp.swift in Sources */ = {isa = PBXBuildFile; fileRef = C7BD899B27CFB9BD0014341E /* PinchApp.swift */; };
		C7BD899E27CFB9BD0014341E /* ContentView.swift in Sources */ = {isa = PBXBuildFile; fileRef = C7BD899D27CFB9BD0014341E /* ContentView.swift */; };
		C7BD89A027CFB9BE0014341E /* Assets.xcassets in Resources */ = {isa = PBXBuildFile; fileRef = C7BD899F27CFB9BE0014341E /* Assets.xcassets */; };
		C7BD89A327CFB9BE0014341E /* Preview Assets.xcassets in Resources */ = {isa = PBXBuildFile; fileRef = C7BD89A227CFB9BE0014341E /* Preview Assets.xcassets */; };
		C7BD89AD27CFB9BF0014341E /* PinchAppTests.swift in Sources */ = {isa = PBXBuildFile; fileRef = C7BD89AC27CFB9BF0014341E /* PinchAppTests.swift */; };
		C7BD89B727CFB9BF0014341E /* PinchAppUITests.swift in Sources */ = {isa = PBXBuildFile; fileRef = C7BD89B627CFB9BF0014341E /* PinchAppUITests.swift */; };
		C7BD89B927CFB9BF0014341E /* PinchAppUITestsLaunchTests.swift in Sources */ = {isa = PBXBuildFile; fileRef = C7BD89B827CFB9BF0014341E /* PinchAppUITestsLaunchTests.swift */; };
		C7BD89CA27CFBCB30014341E /* ImageExtension.swift in Sources */ = {isa = PBXBuildFile; fileRef = C7BD89C927CFBCB30014341E /* ImageExtension.swift */; };
		C7BD89CC27CFC54B0014341E /* InfoPanelView.swift in Sources */ = {isa = PBXBuildFile; fileRef = C7BD89CB27CFC54B0014341E /* InfoPanelView.swift */; };
/* End PBXBuildFile section */

/* Begin PBXContainerItemProxy section */
		C7BD89A927CFB9BF0014341E /* PBXContainerItemProxy */ = {
			isa = PBXContainerItemProxy;
			containerPortal = C7BD899027CFB9BD0014341E /* Project object */;
			proxyType = 1;
			remoteGlobalIDString = C7BD899727CFB9BD0014341E;
			remoteInfo = PinchApp;
		};
		C7BD89B327CFB9BF0014341E /* PBXContainerItemProxy */ = {
			isa = PBXContainerItemProxy;
			containerPortal = C7BD899027CFB9BD0014341E /* Project object */;
			proxyType = 1;
			remoteGlobalIDString = C7BD899727CFB9BD0014341E;
			remoteInfo = PinchApp;
		};
/* End PBXContainerItemProxy section */

/* Begin PBXFileReference section */
		C7BD899827CFB9BD0014341E /* PinchApp.app */ = {isa = PBXFileReference; explicitFileType = wrapper.application; includeInIndex = 0; path = PinchApp.app; sourceTree = BUILT_PRODUCTS_DIR; };
		C7BD899B27CFB9BD0014341E /* PinchApp.swift */ = {isa = PBXFileReference; lastKnownFileType = sourcecode.swift; path = PinchApp.swift; sourceTree = "<group>"; };
		C7BD899D27CFB9BD0014341E /* ContentView.swift */ = {isa = PBXFileReference; lastKnownFileType = sourcecode.swift; path = ContentView.swift; sourceTree = "<group>"; };
		C7BD899F27CFB9BE0014341E /* Assets.xcassets */ = {isa = PBXFileReference; lastKnownFileType = folder.assetcatalog; path = Assets.xcassets; sourceTree = "<group>"; };
		C7BD89A227CFB9BE0014341E /* Preview Assets.xcassets */ = {isa = PBXFileReference; lastKnownFileType = folder.assetcatalog; path = "Preview Assets.xcassets"; sourceTree = "<group>"; };
		C7BD89A827CFB9BF0014341E /* PinchAppTests.xctest */ = {isa = PBXFileReference; explicitFileType = wrapper.cfbundle; includeInIndex = 0; path = PinchAppTests.xctest; sourceTree = BUILT_PRODUCTS_DIR; };
		C7BD89AC27CFB9BF0014341E /* PinchAppTests.swift */ = {isa = PBXFileReference; lastKnownFileType = sourcecode.swift; path = PinchAppTests.swift; sourceTree = "<group>"; };
		C7BD89B227CFB9BF0014341E /* PinchAppUITests.xctest */ = {isa = PBXFileReference; explicitFileType = wrapper.cfbundle; includeInIndex = 0; path = PinchAppUITests.xctest; sourceTree = BUILT_PRODUCTS_DIR; };
		C7BD89B627CFB9BF0014341E /* PinchAppUITests.swift */ = {isa = PBXFileReference; lastKnownFileType = sourcecode.swift; path = PinchAppUITests.swift; sourceTree = "<group>"; };
		C7BD89B827CFB9BF0014341E /* PinchAppUITestsLaunchTests.swift */ = {isa = PBXFileReference; lastKnownFileType = sourcecode.swift; path = PinchAppUITestsLaunchTests.swift; sourceTree = "<group>"; };
		C7BD89C927CFBCB30014341E /* ImageExtension.swift */ = {isa = PBXFileReference; lastKnownFileType = sourcecode.swift; path = ImageExtension.swift; sourceTree = "<group>"; };
		C7BD89CB27CFC54B0014341E /* InfoPanelView.swift */ = {isa = PBXFileReference; lastKnownFileType = sourcecode.swift; path = InfoPanelView.swift; sourceTree = "<group>"; };
/* End PBXFileReference section */

/* Begin PBXFrameworksBuildPhase section */
		C7BD899527CFB9BD0014341E /* Frameworks */ = {
			isa = PBXFrameworksBuildPhase;
			buildActionMask = 2147483647;
			files = (
			);
			runOnlyForDeploymentPostprocessing = 0;
		};
		C7BD89A527CFB9BF0014341E /* Frameworks */ = {
			isa = PBXFrameworksBuildPhase;
			buildActionMask = 2147483647;
			files = (
			);
			runOnlyForDeploymentPostprocessing = 0;
		};
		C7BD89AF27CFB9BF0014341E /* Frameworks */ = {
			isa = PBXFrameworksBuildPhase;
			buildActionMask = 2147483647;
			files = (
			);
			runOnlyForDeploymentPostprocessing = 0;
		};
/* End PBXFrameworksBuildPhase section */

/* Begin PBXGroup section */
		C7BD898F27CFB9BD0014341E = {
			isa = PBXGroup;
			children = (
				C7BD899A27CFB9BD0014341E /* PinchApp */,
				C7BD89AB27CFB9BF0014341E /* PinchAppTests */,
				C7BD89B527CFB9BF0014341E /* PinchAppUITests */,
				C7BD899927CFB9BD0014341E /* Products */,
			);
			sourceTree = "<group>";
		};
		C7BD899927CFB9BD0014341E /* Products */ = {
			isa = PBXGroup;
			children = (
				C7BD899827CFB9BD0014341E /* PinchApp.app */,
				C7BD89A827CFB9BF0014341E /* PinchAppTests.xctest */,
				C7BD89B227CFB9BF0014341E /* PinchAppUITests.xctest */,
			);
			name = Products;
			sourceTree = "<group>";
		};
		C7BD899A27CFB9BD0014341E /* PinchApp */ = {
			isa = PBXGroup;
			children = (
				C7BD89C827CFBA290014341E /* Utilities */,
				C7BD89C727CFBA1C0014341E /* Resources */,
				C7BD89C627CFBA090014341E /* Views */,
				C7BD89C527CFBA040014341E /* Modules */,
				C7BD899B27CFB9BD0014341E /* PinchApp.swift */,
				C7BD89A127CFB9BE0014341E /* Preview Content */,
			);
			path = PinchApp;
			sourceTree = "<group>";
		};
		C7BD89A127CFB9BE0014341E /* Preview Content */ = {
			isa = PBXGroup;
			children = (
				C7BD89A227CFB9BE0014341E /* Preview Assets.xcassets */,
			);
			path = "Preview Content";
			sourceTree = "<group>";
		};
		C7BD89AB27CFB9BF0014341E /* PinchAppTests */ = {
			isa = PBXGroup;
			children = (
				C7BD89AC27CFB9BF0014341E /* PinchAppTests.swift */,
			);
			path = PinchAppTests;
			sourceTree = "<group>";
		};
		C7BD89B527CFB9BF0014341E /* PinchAppUITests */ = {
			isa = PBXGroup;
			children = (
				C7BD89B627CFB9BF0014341E /* PinchAppUITests.swift */,
				C7BD89B827CFB9BF0014341E /* PinchAppUITestsLaunchTests.swift */,
			);
			path = PinchAppUITests;
			sourceTree = "<group>";
		};
		C7BD89C527CFBA040014341E /* Modules */ = {
			isa = PBXGroup;
			children = (
				C7BD899D27CFB9BD0014341E /* ContentView.swift */,
			);
			path = Modules;
			sourceTree = "<group>";
		};
		C7BD89C627CFBA090014341E /* Views */ = {
			isa = PBXGroup;
			children = (
				C7BD89CB27CFC54B0014341E /* InfoPanelView.swift */,
			);
			path = Views;
			sourceTree = "<group>";
		};
		C7BD89C727CFBA1C0014341E /* Resources */ = {
			isa = PBXGroup;
			children = (
				C7BD899F27CFB9BE0014341E /* Assets.xcassets */,
			);
			path = Resources;
			sourceTree = "<group>";
		};
		C7BD89C827CFBA290014341E /* Utilities */ = {
			isa = PBXGroup;
			children = (
				C7BD89C927CFBCB30014341E /* ImageExtension.swift */,
			);
			path = Utilities;
			sourceTree = "<group>";
		};
/* End PBXGroup section */

/* Begin PBXNativeTarget section */
		C7BD899727CFB9BD0014341E /* PinchApp */ = {
			isa = PBXNativeTarget;
			buildConfigurationList = C7BD89BC27CFB9BF0014341E /* Build configuration list for PBXNativeTarget "PinchApp" */;
			buildPhases = (
				C7BD899427CFB9BD0014341E /* Sources */,
				C7BD899527CFB9BD0014341E /* Frameworks */,
				C7BD899627CFB9BD0014341E /* Resources */,
			);
			buildRules = (
			);
			dependencies = (
			);
			name = PinchApp;
			productName = PinchApp;
			productReference = C7BD899827CFB9BD0014341E /* PinchApp.app */;
			productType = "com.apple.product-type.application";
		};
		C7BD89A727CFB9BF0014341E /* PinchAppTests */ = {
			isa = PBXNativeTarget;
			buildConfigurationList = C7BD89BF27CFB9BF0014341E /* Build configuration list for PBXNativeTarget "PinchAppTests" */;
			buildPhases = (
				C7BD89A427CFB9BF0014341E /* Sources */,
				C7BD89A527CFB9BF0014341E /* Frameworks */,
				C7BD89A627CFB9BF0014341E /* Resources */,
			);
			buildRules = (
			);
			dependencies = (
				C7BD89AA27CFB9BF0014341E /* PBXTargetDependency */,
			);
			name = PinchAppTests;
			productName = PinchAppTests;
			productReference = C7BD89A827CFB9BF0014341E /* PinchAppTests.xctest */;
			productType = "com.apple.product-type.bundle.unit-test";
		};
		C7BD89B127CFB9BF0014341E /* PinchAppUITests */ = {
			isa = PBXNativeTarget;
			buildConfigurationList = C7BD89C227CFB9BF0014341E /* Build configuration list for PBXNativeTarget "PinchAppUITests" */;
			buildPhases = (
				C7BD89AE27CFB9BF0014341E /* Sources */,
				C7BD89AF27CFB9BF0014341E /* Frameworks */,
				C7BD89B027CFB9BF0014341E /* Resources */,
			);
			buildRules = (
			);
			dependencies = (
				C7BD89B427CFB9BF0014341E /* PBXTargetDependency */,
			);
			name = PinchAppUITests;
			productName = PinchAppUITests;
			productReference = C7BD89B227CFB9BF0014341E /* PinchAppUITests.xctest */;
			productType = "com.apple.product-type.bundle.ui-testing";
		};
/* End PBXNativeTarget section */

/* Begin PBXProject section */
		C7BD899027CFB9BD0014341E /* Project object */ = {
			isa = PBXProject;
			attributes = {
				BuildIndependentTargetsInParallel = 1;
				LastSwiftUpdateCheck = 1320;
				LastUpgradeCheck = 1320;
				TargetAttributes = {
					C7BD899727CFB9BD0014341E = {
						CreatedOnToolsVersion = 13.2.1;
					};
					C7BD89A727CFB9BF0014341E = {
						CreatedOnToolsVersion = 13.2.1;
						TestTargetID = C7BD899727CFB9BD0014341E;
					};
					C7BD89B127CFB9BF0014341E = {
						CreatedOnToolsVersion = 13.2.1;
						TestTargetID = C7BD899727CFB9BD0014341E;
					};
				};
			};
			buildConfigurationList = C7BD899327CFB9BD0014341E /* Build configuration list for PBXProject "PinchApp" */;
			compatibilityVersion = "Xcode 13.0";
			developmentRegion = en;
			hasScannedForEncodings = 0;
			knownRegions = (
				en,
				Base,
			);
			mainGroup = C7BD898F27CFB9BD0014341E;
			productRefGroup = C7BD899927CFB9BD0014341E /* Products */;
			projectDirPath = "";
			projectRoot = "";
			targets = (
				C7BD899727CFB9BD0014341E /* PinchApp */,
				C7BD89A727CFB9BF0014341E /* PinchAppTests */,
				C7BD89B127CFB9BF0014341E /* PinchAppUITests */,
			);
		};
/* End PBXProject section */

/* Begin PBXResourcesBuildPhase section */
		C7BD899627CFB9BD0014341E /* Resources */ = {
			isa = PBXResourcesBuildPhase;
			buildActionMask = 2147483647;
			files = (
				C7BD89A327CFB9BE0014341E /* Preview Assets.xcassets in Resources */,
				C7BD89A027CFB9BE0014341E /* Assets.xcassets in Resources */,
			);
			runOnlyForDeploymentPostprocessing = 0;
		};
		C7BD89A627CFB9BF0014341E /* Resources */ = {
			isa = PBXResourcesBuildPhase;
			buildActionMask = 2147483647;
			files = (
			);
			runOnlyForDeploymentPostprocessing = 0;
		};
		C7BD89B027CFB9BF0014341E /* Resources */ = {
			isa = PBXResourcesBuildPhase;
			buildActionMask = 2147483647;
			files = (
			);
			runOnlyForDeploymentPostprocessing = 0;
		};
/* End PBXResourcesBuildPhase section */

/* Begin PBXSourcesBuildPhase section */
		C7BD899427CFB9BD0014341E /* Sources */ = {
			isa = PBXSourcesBuildPhase;
			buildActionMask = 2147483647;
			files = (
				C7BD899E27CFB9BD0014341E /* ContentView.swift in Sources */,
				C7BD89CA27CFBCB30014341E /* ImageExtension.swift in Sources */,
				C7BD89CC27CFC54B0014341E /* InfoPanelView.swift in Sources */,
				C7BD899C27CFB9BD0014341E /* PinchApp.swift in Sources */,
			);
			runOnlyForDeploymentPostprocessing = 0;
		};
		C7BD89A427CFB9BF0014341E /* Sources */ = {
			isa = PBXSourcesBuildPhase;
			buildActionMask = 2147483647;
			files = (
				C7BD89AD27CFB9BF0014341E /* PinchAppTests.swift in Sources */,
			);
			runOnlyForDeploymentPostprocessing = 0;
		};
		C7BD89AE27CFB9BF0014341E /* Sources */ = {
			isa = PBXSourcesBuildPhase;
			buildActionMask = 2147483647;
			files = (
				C7BD89B927CFB9BF0014341E /* PinchAppUITestsLaunchTests.swift in Sources */,
				C7BD89B727CFB9BF0014341E /* PinchAppUITests.swift in Sources */,
			);
			runOnlyForDeploymentPostprocessing = 0;
		};
/* End PBXSourcesBuildPhase section */

/* Begin PBXTargetDependency section */
		C7BD89AA27CFB9BF0014341E /* PBXTargetDependency */ = {
			isa = PBXTargetDependency;
			target = C7BD899727CFB9BD0014341E /* PinchApp */;
			targetProxy = C7BD89A927CFB9BF0014341E /* PBXContainerItemProxy */;
		};
		C7BD89B427CFB9BF0014341E /* PBXTargetDependency */ = {
			isa = PBXTargetDependency;
			target = C7BD899727CFB9BD0014341E /* PinchApp */;
			targetProxy = C7BD89B327CFB9BF0014341E /* PBXContainerItemProxy */;
		};
/* End PBXTargetDependency section */

/* Begin XCBuildConfiguration section */
		C7BD89BA27CFB9BF0014341E /* Debug */ = {
			isa = XCBuildConfiguration;
			buildSettings = {
				ALWAYS_SEARCH_USER_PATHS = NO;
				CLANG_ANALYZER_NONNULL = YES;
				CLANG_ANALYZER_NUMBER_OBJECT_CONVERSION = YES_AGGRESSIVE;
				CLANG_CXX_LANGUAGE_STANDARD = "gnu++17";
				CLANG_CXX_LIBRARY = "libc++";
				CLANG_ENABLE_MODULES = YES;
				CLANG_ENABLE_OBJC_ARC = YES;
				CLANG_ENABLE_OBJC_WEAK = YES;
				CLANG_WARN_BLOCK_CAPTURE_AUTORELEASING = YES;
				CLANG_WARN_BOOL_CONVERSION = YES;
				CLANG_WARN_COMMA = YES;
				CLANG_WARN_CONSTANT_CONVERSION = YES;
				CLANG_WARN_DEPRECATED_OBJC_IMPLEMENTATIONS = YES;
				CLANG_WARN_DIRECT_OBJC_ISA_USAGE = YES_ERROR;
				CLANG_WARN_DOCUMENTATION_COMMENTS = YES;
				CLANG_WARN_EMPTY_BODY = YES;
				CLANG_WARN_ENUM_CONVERSION = YES;
				CLANG_WARN_INFINITE_RECURSION = YES;
				CLANG_WARN_INT_CONVERSION = YES;
				CLANG_WARN_NON_LITERAL_NULL_CONVERSION = YES;
				CLANG_WARN_OBJC_IMPLICIT_RETAIN_SELF = YES;
				CLANG_WARN_OBJC_LITERAL_CONVERSION = YES;
				CLANG_WARN_OBJC_ROOT_CLASS = YES_ERROR;
				CLANG_WARN_QUOTED_INCLUDE_IN_FRAMEWORK_HEADER = YES;
				CLANG_WARN_RANGE_LOOP_ANALYSIS = YES;
				CLANG_WARN_STRICT_PROTOTYPES = YES;
				CLANG_WARN_SUSPICIOUS_MOVE = YES;
				CLANG_WARN_UNGUARDED_AVAILABILITY = YES_AGGRESSIVE;
				CLANG_WARN_UNREACHABLE_CODE = YES;
				CLANG_WARN__DUPLICATE_METHOD_MATCH = YES;
				COPY_PHASE_STRIP = NO;
				DEBUG_INFORMATION_FORMAT = dwarf;
				ENABLE_STRICT_OBJC_MSGSEND = YES;
				ENABLE_TESTABILITY = YES;
				GCC_C_LANGUAGE_STANDARD = gnu11;
				GCC_DYNAMIC_NO_PIC = NO;
				GCC_NO_COMMON_BLOCKS = YES;
				GCC_OPTIMIZATION_LEVEL = 0;
				GCC_PREPROCESSOR_DEFINITIONS = (
					"DEBUG=1",
					"$(inherited)",
				);
				GCC_WARN_64_TO_32_BIT_CONVERSION = YES;
				GCC_WARN_ABOUT_RETURN_TYPE = YES_ERROR;
				GCC_WARN_UNDECLARED_SELECTOR = YES;
				GCC_WARN_UNINITIALIZED_AUTOS = YES_AGGRESSIVE;
				GCC_WARN_UNUSED_FUNCTION = YES;
				GCC_WARN_UNUSED_VARIABLE = YES;
				IPHONEOS_DEPLOYMENT_TARGET = 15.0;
				MTL_ENABLE_DEBUG_INFO = INCLUDE_SOURCE;
				MTL_FAST_MATH = YES;
				ONLY_ACTIVE_ARCH = YES;
				SDKROOT = iphoneos;
				SWIFT_ACTIVE_COMPILATION_CONDITIONS = DEBUG;
				SWIFT_OPTIMIZATION_LEVEL = "-Onone";
			};
			name = Debug;
		};
		C7BD89BB27CFB9BF0014341E /* Release */ = {
			isa = XCBuildConfiguration;
			buildSettings = {
				ALWAYS_SEARCH_USER_PATHS = NO;
				CLANG_ANALYZER_NONNULL = YES;
				CLANG_ANALYZER_NUMBER_OBJECT_CONVERSION = YES_AGGRESSIVE;
				CLANG_CXX_LANGUAGE_STANDARD = "gnu++17";
				CLANG_CXX_LIBRARY = "libc++";
				CLANG_ENABLE_MODULES = YES;
				CLANG_ENABLE_OBJC_ARC = YES;
				CLANG_ENABLE_OBJC_WEAK = YES;
				CLANG_WARN_BLOCK_CAPTURE_AUTORELEASING = YES;
				CLANG_WARN_BOOL_CONVERSION = YES;
				CLANG_WARN_COMMA = YES;
				CLANG_WARN_CONSTANT_CONVERSION = YES;
				CLANG_WARN_DEPRECATED_OBJC_IMPLEMENTATIONS = YES;
				CLANG_WARN_DIRECT_OBJC_ISA_USAGE = YES_ERROR;
				CLANG_WARN_DOCUMENTATION_COMMENTS = YES;
				CLANG_WARN_EMPTY_BODY = YES;
				CLANG_WARN_ENUM_CONVERSION = YES;
				CLANG_WARN_INFINITE_RECURSION = YES;
				CLANG_WARN_INT_CONVERSION = YES;
				CLANG_WARN_NON_LITERAL_NULL_CONVERSION = YES;
				CLANG_WARN_OBJC_IMPLICIT_RETAIN_SELF = YES;
				CLANG_WARN_OBJC_LITERAL_CONVERSION = YES;
				CLANG_WARN_OBJC_ROOT_CLASS = YES_ERROR;
				CLANG_WARN_QUOTED_INCLUDE_IN_FRAMEWORK_HEADER = YES;
				CLANG_WARN_RANGE_LOOP_ANALYSIS = YES;
				CLANG_WARN_STRICT_PROTOTYPES = YES;
				CLANG_WARN_SUSPICIOUS_MOVE = YES;
				CLANG_WARN_UNGUARDED_AVAILABILITY = YES_AGGRESSIVE;
				CLANG_WARN_UNREACHABLE_CODE = YES;
				CLANG_WARN__DUPLICATE_METHOD_MATCH = YES;
				COPY_PHASE_STRIP = NO;
				DEBUG_INFORMATION_FORMAT = "dwarf-with-dsym";
				ENABLE_NS_ASSERTIONS = NO;
				ENABLE_STRICT_OBJC_MSGSEND = YES;
				GCC_C_LANGUAGE_STANDARD = gnu11;
				GCC_NO_COMMON_BLOCKS = YES;
				GCC_WARN_64_TO_32_BIT_CONVERSION = YES;
				GCC_WARN_ABOUT_RETURN_TYPE = YES_ERROR;
				GCC_WARN_UNDECLARED_SELECTOR = YES;
				GCC_WARN_UNINITIALIZED_AUTOS = YES_AGGRESSIVE;
				GCC_WARN_UNUSED_FUNCTION = YES;
				GCC_WARN_UNUSED_VARIABLE = YES;
				IPHONEOS_DEPLOYMENT_TARGET = 15.0;
				MTL_ENABLE_DEBUG_INFO = NO;
				MTL_FAST_MATH = YES;
				SDKROOT = iphoneos;
				SWIFT_COMPILATION_MODE = wholemodule;
				SWIFT_OPTIMIZATION_LEVEL = "-O";
				VALIDATE_PRODUCT = YES;
			};
			name = Release;
		};
		C7BD89BD27CFB9BF0014341E /* Debug */ = {
			isa = XCBuildConfiguration;
			buildSettings = {
				ASSETCATALOG_COMPILER_APPICON_NAME = AppIcon;
				ASSETCATALOG_COMPILER_GLOBAL_ACCENT_COLOR_NAME = AccentColor;
				CODE_SIGN_STYLE = Automatic;
				CURRENT_PROJECT_VERSION = 1;
				DEVELOPMENT_ASSET_PATHS = "\"PinchApp/Preview Content\"";
				DEVELOPMENT_TEAM = V5FAL96G48;
				ENABLE_PREVIEWS = YES;
				GENERATE_INFOPLIST_FILE = YES;
				INFOPLIST_KEY_UIApplicationSceneManifest_Generation = YES;
				INFOPLIST_KEY_UIApplicationSupportsIndirectInputEvents = YES;
				INFOPLIST_KEY_UILaunchScreen_Generation = YES;
				INFOPLIST_KEY_UISupportedInterfaceOrientations = UIInterfaceOrientationPortrait;
				INFOPLIST_KEY_UISupportedInterfaceOrientations_iPad = "UIInterfaceOrientationPortrait UIInterfaceOrientationPortraitUpsideDown UIInterfaceOrientationLandscapeLeft UIInterfaceOrientationLandscapeRight";
				INFOPLIST_KEY_UISupportedInterfaceOrientations_iPhone = UIInterfaceOrientationPortrait;
				IPHONEOS_DEPLOYMENT_TARGET = 15.0;
				LD_RUNPATH_SEARCH_PATHS = (
					"$(inherited)",
					"@executable_path/Frameworks",
				);
				MARKETING_VERSION = 1.0;
				PRODUCT_BUNDLE_IDENTIFIER = dev.webelieve.PinchApp;
				PRODUCT_NAME = "$(TARGET_NAME)";
				SWIFT_EMIT_LOC_STRINGS = YES;
				SWIFT_VERSION = 5.0;
				TARGETED_DEVICE_FAMILY = "1,2";
			};
			name = Debug;
		};
		C7BD89BE27CFB9BF0014341E /* Release */ = {
			isa = XCBuildConfiguration;
			buildSettings = {
				ASSETCATALOG_COMPILER_APPICON_NAME = AppIcon;
				ASSETCATALOG_COMPILER_GLOBAL_ACCENT_COLOR_NAME = AccentColor;
				CODE_SIGN_STYLE = Automatic;
				CURRENT_PROJECT_VERSION = 1;
				DEVELOPMENT_ASSET_PATHS = "\"PinchApp/Preview Content\"";
				DEVELOPMENT_TEAM = V5FAL96G48;
				ENABLE_PREVIEWS = YES;
				GENERATE_INFOPLIST_FILE = YES;
				INFOPLIST_KEY_UIApplicationSceneManifest_Generation = YES;
				INFOPLIST_KEY_UIApplicationSupportsIndirectInputEvents = YES;
				INFOPLIST_KEY_UILaunchScreen_Generation = YES;
				INFOPLIST_KEY_UISupportedInterfaceOrientations = UIInterfaceOrientationPortrait;
				INFOPLIST_KEY_UISupportedInterfaceOrientations_iPad = "UIInterfaceOrientationPortrait UIInterfaceOrientationPortraitUpsideDown UIInterfaceOrientationLandscapeLeft UIInterfaceOrientationLandscapeRight";
				INFOPLIST_KEY_UISupportedInterfaceOrientations_iPhone = UIInterfaceOrientationPortrait;
				IPHONEOS_DEPLOYMENT_TARGET = 15.0;
				LD_RUNPATH_SEARCH_PATHS = (
					"$(inherited)",
					"@executable_path/Frameworks",
				);
				MARKETING_VERSION = 1.0;
				PRODUCT_BUNDLE_IDENTIFIER = dev.webelieve.PinchApp;
				PRODUCT_NAME = "$(TARGET_NAME)";
				SWIFT_EMIT_LOC_STRINGS = YES;
				SWIFT_VERSION = 5.0;
				TARGETED_DEVICE_FAMILY = "1,2";
			};
			name = Release;
		};
		C7BD89C027CFB9BF0014341E /* Debug */ = {
			isa = XCBuildConfiguration;
			buildSettings = {
				ALWAYS_EMBED_SWIFT_STANDARD_LIBRARIES = YES;
				BUNDLE_LOADER = "$(TEST_HOST)";
				CODE_SIGN_STYLE = Automatic;
				CURRENT_PROJECT_VERSION = 1;
				DEVELOPMENT_TEAM = V5FAL96G48;
				GENERATE_INFOPLIST_FILE = YES;
				IPHONEOS_DEPLOYMENT_TARGET = 15.0;
				MARKETING_VERSION = 1.0;
				PRODUCT_BUNDLE_IDENTIFIER = dev.webelieve.PinchAppTests;
				PRODUCT_NAME = "$(TARGET_NAME)";
				SWIFT_EMIT_LOC_STRINGS = NO;
				SWIFT_VERSION = 5.0;
				TARGETED_DEVICE_FAMILY = "1,2";
				TEST_HOST = "$(BUILT_PRODUCTS_DIR)/PinchApp.app/PinchApp";
			};
			name = Debug;
		};
		C7BD89C127CFB9BF0014341E /* Release */ = {
			isa = XCBuildConfiguration;
			buildSettings = {
				ALWAYS_EMBED_SWIFT_STANDARD_LIBRARIES = YES;
				BUNDLE_LOADER = "$(TEST_HOST)";
				CODE_SIGN_STYLE = Automatic;
				CURRENT_PROJECT_VERSION = 1;
				DEVELOPMENT_TEAM = V5FAL96G48;
				GENERATE_INFOPLIST_FILE = YES;
				IPHONEOS_DEPLOYMENT_TARGET = 15.0;
				MARKETING_VERSION = 1.0;
				PRODUCT_BUNDLE_IDENTIFIER = dev.webelieve.PinchAppTests;
				PRODUCT_NAME = "$(TARGET_NAME)";
				SWIFT_EMIT_LOC_STRINGS = NO;
				SWIFT_VERSION = 5.0;
				TARGETED_DEVICE_FAMILY = "1,2";
				TEST_HOST = "$(BUILT_PRODUCTS_DIR)/PinchApp.app/PinchApp";
			};
			name = Release;
		};
		C7BD89C327CFB9BF0014341E /* Debug */ = {
			isa = XCBuildConfiguration;
			buildSettings = {
				ALWAYS_EMBED_SWIFT_STANDARD_LIBRARIES = YES;
				CODE_SIGN_STYLE = Automatic;
				CURRENT_PROJECT_VERSION = 1;
				DEVELOPMENT_TEAM = V5FAL96G48;
				GENERATE_INFOPLIST_FILE = YES;
				MARKETING_VERSION = 1.0;
				PRODUCT_BUNDLE_IDENTIFIER = dev.webelieve.PinchAppUITests;
				PRODUCT_NAME = "$(TARGET_NAME)";
				SWIFT_EMIT_LOC_STRINGS = NO;
				SWIFT_VERSION = 5.0;
				TARGETED_DEVICE_FAMILY = "1,2";
				TEST_TARGET_NAME = PinchApp;
			};
			name = Debug;
		};
		C7BD89C427CFB9BF0014341E /* Release */ = {
			isa = XCBuildConfiguration;
			buildSettings = {
				ALWAYS_EMBED_SWIFT_STANDARD_LIBRARIES = YES;
				CODE_SIGN_STYLE = Automatic;
				CURRENT_PROJECT_VERSION = 1;
				DEVELOPMENT_TEAM = V5FAL96G48;
				GENERATE_INFOPLIST_FILE = YES;
				MARKETING_VERSION = 1.0;
				PRODUCT_BUNDLE_IDENTIFIER = dev.webelieve.PinchAppUITests;
				PRODUCT_NAME = "$(TARGET_NAME)";
				SWIFT_EMIT_LOC_STRINGS = NO;
				SWIFT_VERSION = 5.0;
				TARGETED_DEVICE_FAMILY = "1,2";
				TEST_TARGET_NAME = PinchApp;
			};
			name = Release;
		};
/* End XCBuildConfiguration section */

/* Begin XCConfigurationList section */
		C7BD899327CFB9BD0014341E /* Build configuration list for PBXProject "PinchApp" */ = {
			isa = XCConfigurationList;
			buildConfigurations = (
				C7BD89BA27CFB9BF0014341E /* Debug */,
				C7BD89BB27CFB9BF0014341E /* Release */,
			);
			defaultConfigurationIsVisible = 0;
			defaultConfigurationName = Release;
		};
		C7BD89BC27CFB9BF0014341E /* Build configuration list for PBXNativeTarget "PinchApp" */ = {
			isa = XCConfigurationList;
			buildConfigurations = (
				C7BD89BD27CFB9BF0014341E /* Debug */,
				C7BD89BE27CFB9BF0014341E /* Release */,
			);
			defaultConfigurationIsVisible = 0;
			defaultConfigurationName = Release;
		};
		C7BD89BF27CFB9BF0014341E /* Build configuration list for PBXNativeTarget "PinchAppTests" */ = {
			isa = XCConfigurationList;
			buildConfigurations = (
				C7BD89C027CFB9BF0014341E /* Debug */,
				C7BD89C127CFB9BF0014341E /* Release */,
			);
			defaultConfigurationIsVisible = 0;
			defaultConfigurationName = Release;
		};
		C7BD89C227CFB9BF0014341E /* Build configuration list for PBXNativeTarget "PinchAppUITests" */ = {
			isa = XCConfigurationList;
			buildConfigurations = (
				C7BD89C327CFB9BF0014341E /* Debug */,
				C7BD89C427CFB9BF0014341E /* Release */,
			);
			defaultConfigurationIsVisible = 0;
			defaultConfigurationName = Release;
		};
/* End XCConfigurationList section */
	};
	rootObject = C7BD899027CFB9BD0014341E /* Project object */;
}
